Microsoft Visual Studio Solution File, Format Version 7.00
Project("{8BC9CEB8-8B4A-11D0-8D11-00A0C91BC942}") = "3axis", "csg\3axis.vcproj", "{0CF6BC22-313C-41A6-A5B9-26997964A4B1}"
EndProject
Project("{8BC9CEB8-8B4A-11D0-8D11-00A0C91BC942}") = "artpoint", "csg\artpoint.vcproj", "{773FBA72-5EA7-47E8-A1C9-E461FC1F0DCC}"
EndProject
Project("{8BC9CEB8-8B4A-11D0-8D11-00A0C91BC942}") = "bubbles", "csg\bubbles.vcproj", "{4722DD4D-C7C5-4325-8ABF-3FACBB67ADEA}"
EndProject
Project("{8BC9CEB8-8B4A-11D0-8D11-00A0C91BC942}") = "cheese", "csg\cheese.vcproj", "{1E0ECCE3-7F78-4A04-8928-4E030955A595}"
EndProject
Project("{8BC9CEB8-8B4A-11D0-8D11-00A0C91BC942}") = "csg", "csg\csg.vcproj", "{FC8F0BF9-8E6B-4C9A-BC0C-5B4E68DEA1F1}"
EndProject
Project("{8BC9CEB8-8B4A-11D0-8D11-00A0C91BC942}") = "csgdemo", "csg\csgdemo.vcproj", "{D2467F1C-4467-415E-B20D-9D73892D9FD4}"
EndProject
Project("{8BC9CEB8-8B4A-11D0-8D11-00A0C91BC942}") = "cylinders", "csg\cylinders.vcproj", "{12AE99C9-9FF9-42AF-B6B8-851138B71B40}"
EndProject
Project("{8BC9CEB8-8B4A-11D0-8D11-00A0C91BC942}") = "helix", "csg\helix.vcproj", "{2035FDDC-2D0A-48E8-88AE-EADC8345C979}"
EndProject
Project("{8BC9CEB8-8B4A-11D0-8D11-00A0C91BC942}") = "scsinter", "csg\scsinter.vcproj", "{B34C5819-2358-470F-BD0F-07F45CA50834}"
EndProject
Project("{8BC9CEB8-8B4A-11D0-8D11-00A0C91BC942}") = "scsseq", "csg\scsseq.vcproj", "{0C27B98B-E0AF-449F-AFBB-9CA5C0A9DF52}"
EndProject
Project("{8BC9CEB8-8B4A-11D0-8D11-00A0C91BC942}") = "volmesh", "csg\volmesh.vcproj", "{2B12E7E8-C402-4C51-BB0F-D467E2E1FF67}"
EndProject
Project("{8BC9CEB8-8B4A-11D0-8D11-00A0C91BC942}") = "volume", "csg\volume.vcproj", "{102F7920-2F92-4886-B806-0292ADABDCCA}"
EndProject
Global
	GlobalSection(SolutionConfiguration) = preSolution
		ConfigName.0 = Debug
		ConfigName.1 = Release
	EndGlobalSection
	GlobalSection(ProjectDependencies) = postSolution
		{773FBA72-5EA7-47E8-A1C9-E461FC1F0DCC}.0 = {FC8F0BF9-8E6B-4C9A-BC0C-5B4E68DEA1F1}
		{4722DD4D-C7C5-4325-8ABF-3FACBB67ADEA}.0 = {FC8F0BF9-8E6B-4C9A-BC0C-5B4E68DEA1F1}
		{D2467F1C-4467-415E-B20D-9D73892D9FD4}.0 = {FC8F0BF9-8E6B-4C9A-BC0C-5B4E68DEA1F1}
		{2035FDDC-2D0A-48E8-88AE-EADC8345C979}.0 = {FC8F0BF9-8E6B-4C9A-BC0C-5B4E68DEA1F1}
		{0C27B98B-E0AF-449F-AFBB-9CA5C0A9DF52}.0 = {FC8F0BF9-8E6B-4C9A-BC0C-5B4E68DEA1F1}
	EndGlobalSection
	GlobalSection(ProjectConfiguration) = postSolution
		{0CF6BC22-313C-41A6-A5B9-26997964A4B1}.Debug.ActiveCfg = Debug|Win32
		{0CF6BC22-313C-41A6-A5B9-26997964A4B1}.Debug.Build.0 = Debug|Win32
		{0CF6BC22-313C-41A6-A5B9-26997964A4B1}.Release.ActiveCfg = Release|Win32
		{0CF6BC22-313C-41A6-A5B9-26997964A4B1}.Release.Build.0 = Release|Win32
		{773FBA72-5EA7-47E8-A1C9-E461FC1F0DCC}.Debug.ActiveCfg = Debug|Win32
		{773FBA72-5EA7-47E8-A1C9-E461FC1F0DCC}.Debug.Build.0 = Debug|Win32
		{773FBA72-5EA7-47E8-A1C9-E461FC1F0DCC}.Release.ActiveCfg = Release|Win32
		{773FBA72-5EA7-47E8-A1C9-E461FC1F0DCC}.Release.Build.0 = Release|Win32
		{4722DD4D-C7C5-4325-8ABF-3FACBB67ADEA}.Debug.ActiveCfg = Debug|Win32
		{4722DD4D-C7C5-4325-8ABF-3FACBB67ADEA}.Debug.Build.0 = Debug|Win32
		{4722DD4D-C7C5-4325-8ABF-3FACBB67ADEA}.Release.ActiveCfg = Release|Win32
		{4722DD4D-C7C5-4325-8ABF-3FACBB67ADEA}.Release.Build.0 = Release|Win32
		{1E0ECCE3-7F78-4A04-8928-4E030955A595}.Debug.ActiveCfg = Debug|Win32
		{1E0ECCE3-7F78-4A04-8928-4E030955A595}.Debug.Build.0 = Debug|Win32
		{1E0ECCE3-7F78-4A04-8928-4E030955A595}.Release.ActiveCfg = Release|Win32
		{1E0ECCE3-7F78-4A04-8928-4E030955A595}.Release.Build.0 = Release|Win32
		{FC8F0BF9-8E6B-4C9A-BC0C-5B4E68DEA1F1}.Debug.ActiveCfg = Debug|Win32
		{FC8F0BF9-8E6B-4C9A-BC0C-5B4E68DEA1F1}.Debug.Build.0 = Debug|Win32
		{FC8F0BF9-8E6B-4C9A-BC0C-5B4E68DEA1F1}.Release.ActiveCfg = Release|Win32
		{FC8F0BF9-8E6B-4C9A-BC0C-5B4E68DEA1F1}.Release.Build.0 = Release|Win32
		{D2467F1C-4467-415E-B20D-9D73892D9FD4}.Debug.ActiveCfg = Debug|Win32
		{D2467F1C-4467-415E-B20D-9D73892D9FD4}.Debug.Build.0 = Debug|Win32
		{D2467F1C-4467-415E-B20D-9D73892D9FD4}.Release.ActiveCfg = Release|Win32
		{D2467F1C-4467-415E-B20D-9D73892D9FD4}.Release.Build.0 = Release|Win32
		{12AE99C9-9FF9-42AF-B6B8-851138B71B40}.Debug.ActiveCfg = Debug|Win32
		{12AE99C9-9FF9-42AF-B6B8-851138B71B40}.Debug.Build.0 = Debug|Win32
		{12AE99C9-9FF9-42AF-B6B8-851138B71B40}.Release.ActiveCfg = Release|Win32
		{12AE99C9-9FF9-42AF-B6B8-851138B71B40}.Release.Build.0 = Release|Win32
		{2035FDDC-2D0A-48E8-88AE-EADC8345C979}.Debug.ActiveCfg = Debug|Win32
		{2035FDDC-2D0A-48E8-88AE-EADC8345C979}.Debug.Build.0 = Debug|Win32
		{2035FDDC-2D0A-48E8-88AE-EADC8345C979}.Release.ActiveCfg = Release|Win32
		{2035FDDC-2D0A-48E8-88AE-EADC8345C979}.Release.Build.0 = Release|Win32
		{B34C5819-2358-470F-BD0F-07F45CA50834}.Debug.ActiveCfg = Debug|Win32
		{B34C5819-2358-470F-BD0F-07F45CA50834}.Debug.Build.0 = Debug|Win32
		{B34C5819-2358-470F-BD0F-07F45CA50834}.Release.ActiveCfg = Release|Win32
		{B34C5819-2358-470F-BD0F-07F45CA50834}.Release.Build.0 = Release|Win32
		{0C27B98B-E0AF-449F-AFBB-9CA5C0A9DF52}.Debug.ActiveCfg = Debug|Win32
		{0C27B98B-E0AF-449F-AFBB-9CA5C0A9DF52}.Debug.Build.0 = Debug|Win32
		{0C27B98B-E0AF-449F-AFBB-9CA5C0A9DF52}.Release.ActiveCfg = Release|Win32
		{0C27B98B-E0AF-449F-AFBB-9CA5C0A9DF52}.Release.Build.0 = Release|Win32
		{2B12E7E8-C402-4C51-BB0F-D467E2E1FF67}.Debug.ActiveCfg = Debug|Win32
		{2B12E7E8-C402-4C51-BB0F-D467E2E1FF67}.Debug.Build.0 = Debug|Win32
		{2B12E7E8-C402-4C51-BB0F-D467E2E1FF67}.Release.ActiveCfg = Release|Win32
		{2B12E7E8-C402-4C51-BB0F-D467E2E1FF67}.Release.Build.0 = Release|Win32
		{102F7920-2F92-4886-B806-0292ADABDCCA}.Debug.ActiveCfg = Debug|Win32
		{102F7920-2F92-4886-B806-0292ADABDCCA}.Debug.Build.0 = Debug|Win32
		{102F7920-2F92-4886-B806-0292ADABDCCA}.Release.ActiveCfg = Release|Win32
		{102F7920-2F92-4886-B806-0292ADABDCCA}.Release.Build.0 = Release|Win32
	EndGlobalSection
	GlobalSection(ExtensibilityGlobals) = postSolution
	EndGlobalSection
	GlobalSection(ExtensibilityAddIns) = postSolution
	EndGlobalSection
EndGlobal
