Microsoft Visual Studio Solution File, Format Version 7.00
Project("{8BC9CEB8-8B4A-11D0-8D11-00A0C91BC942}") = "glut32", "glut32.vcproj", "{3CE39032-1BC4-458F-A586-28FCE97D2D7B}"
EndProject
Global
	GlobalSection(SolutionConfiguration) = preSolution
		ConfigName.0 = Debug
		ConfigName.1 = Release
	EndGlobalSection
	GlobalSection(ProjectDependencies) = postSolution
	EndGlobalSection
	GlobalSection(ProjectConfiguration) = postSolution
		{3CE39032-1BC4-458F-A586-28FCE97D2D7B}.Debug.ActiveCfg = Debug|Win32
		{3CE39032-1BC4-458F-A586-28FCE97D2D7B}.Debug.Build.0 = Debug|Win32
		{3CE39032-1BC4-458F-A586-28FCE97D2D7B}.Release.ActiveCfg = Release|Win32
		{3CE39032-1BC4-458F-A586-28FCE97D2D7B}.Release.Build.0 = Release|Win32
	EndGlobalSection
	GlobalSection(ExtensibilityGlobals) = postSolution
	EndGlobalSection
	GlobalSection(ExtensibilityAddIns) = postSolution
	EndGlobalSection
EndGlobal
